
Microsoft Visual Studio Solution File, Format Version 12.00
# Visual Studio Version 16
VisualStudioVersion = 16.0.28803.202
MinimumVisualStudioVersion = 10.0.40219.1
Project("{FAE04EC0-301F-11D3-BF4B-00C04F79EFBC}") = "HomeWork(24.04.2019)", "HomeWork(24.04.2019)\HomeWork(24.04.2019).csproj", "{415A22AA-9803-4912-AFC2-5B206D842F3B}"
EndProject
Global
	GlobalSection(SolutionConfigurationPlatforms) = preSolution
		Debug|Any CPU = Debug|Any CPU
		Release|Any CPU = Release|Any CPU
	EndGlobalSection
	GlobalSection(ProjectConfigurationPlatforms) = postSolution
		{415A22AA-9803-4912-AFC2-5B206D842F3B}.Debug|Any CPU.ActiveCfg = Debug|Any CPU
		{415A22AA-9803-4912-AFC2-5B206D842F3B}.Debug|Any CPU.Build.0 = Debug|Any CPU
		{415A22AA-9803-4912-AFC2-5B206D842F3B}.Release|Any CPU.ActiveCfg = Release|Any CPU
		{415A22AA-9803-4912-AFC2-5B206D842F3B}.Release|Any CPU.Build.0 = Release|Any CPU
	EndGlobalSection
	GlobalSection(SolutionProperties) = preSolution
		HideSolutionNode = FALSE
	EndGlobalSection
	GlobalSection(ExtensibilityGlobals) = postSolution
		SolutionGuid = {8D7C70FE-A4CE-472A-B234-2BBF73BB5356}
	EndGlobalSection
EndGlobal
